
Microsoft Visual Studio Solution File, Format Version 12.00
# Visual Studio Version 17
VisualStudioVersion = 17.14.36408.4 d17.14
MinimumVisualStudioVersion = 10.0.40219.1
Project("{FAE04EC0-301F-11D3-BF4B-00C04F79EFBC}") = "VVUP.Base", "VVUP.Base\VVUP.Base.csproj", "{FB453A80-47EA-499C-BD01-190BD82ED0B1}"
EndProject
Project("{FAE04EC0-301F-11D3-BF4B-00C04F79EFBC}") = "VVUP.CustomRoles", "VVUP.CustomRoles\VVUP.CustomRoles.csproj", "{CFD5B906-4CA0-4493-B81E-AFB1421C6F14}"
EndProject
Project("{FAE04EC0-301F-11D3-BF4B-00C04F79EFBC}") = "VVUP.HuskInfection", "VVUP.HuskInfection\VVUP.HuskInfection.csproj", "{FB888F6F-175F-423C-9A2A-84E656B26D81}"
EndProject
Project("{FAE04EC0-301F-11D3-BF4B-00C04F79EFBC}") = "VVUP.CustomItems", "VVUP.CustomItems\VVUP.CustomItems.csproj", "{F94E6731-0190-4591-9110-E4257D793C58}"
EndProject
Project("{FAE04EC0-301F-11D3-BF4B-00C04F79EFBC}") = "VVUP.ScpChanges", "VVUP.ScpChanges\VVUP.ScpChanges.csproj", "{B146823C-B2BC-4F9F-AED7-E8FAE635517E}"
EndProject
Project("{FAE04EC0-301F-11D3-BF4B-00C04F79EFBC}") = "VVUP.WeaponEvaporate", "VVUP.WeaponEvaporate\VVUP.WeaponEvaporate.csproj", "{A374C6AD-76A2-4146-9DED-B58058B47BF0}"
EndProject
Project("{FAE04EC0-301F-11D3-BF4B-00C04F79EFBC}") = "VVUP.RoundStart", "VVUP.RoundStart\VVUP.RoundStart.csproj", "{6A06EC9A-D766-4652-A6B8-707C7C3E7554}"
EndProject
Project("{FAE04EC0-301F-11D3-BF4B-00C04F79EFBC}") = "VVUP.ServerEvents", "VVUP.ServerEvents\VVUP.ServerEvents.csproj", "{BC6074FC-8956-4C8F-9C4A-E8E2EABD1B3D}"
EndProject
Project("{FAE04EC0-301F-11D3-BF4B-00C04F79EFBC}") = "VVUP.Votes", "VVUP.Votes\VVUP.Votes.csproj", "{BBD1FC85-66ED-4290-BA80-716C759F39AA}"
EndProject
Project("{FAE04EC0-301F-11D3-BF4B-00C04F79EFBC}") = "VVUP.CreditTags", "VVUP.CreditTags\VVUP.CreditTags.csproj", "{E3359B45-C0BC-47F9-B74F-BC8F4B13F1FE}"
EndProject
Global
	GlobalSection(SolutionConfigurationPlatforms) = preSolution
		Debug|Any CPU = Debug|Any CPU
		Release|Any CPU = Release|Any CPU
	EndGlobalSection
	GlobalSection(ProjectConfigurationPlatforms) = postSolution
		{FB453A80-47EA-499C-BD01-190BD82ED0B1}.Debug|Any CPU.ActiveCfg = Debug|Any CPU
		{FB453A80-47EA-499C-BD01-190BD82ED0B1}.Debug|Any CPU.Build.0 = Debug|Any CPU
		{FB453A80-47EA-499C-BD01-190BD82ED0B1}.Release|Any CPU.ActiveCfg = Release|Any CPU
		{FB453A80-47EA-499C-BD01-190BD82ED0B1}.Release|Any CPU.Build.0 = Release|Any CPU
		{CFD5B906-4CA0-4493-B81E-AFB1421C6F14}.Debug|Any CPU.ActiveCfg = Debug|Any CPU
		{CFD5B906-4CA0-4493-B81E-AFB1421C6F14}.Debug|Any CPU.Build.0 = Debug|Any CPU
		{CFD5B906-4CA0-4493-B81E-AFB1421C6F14}.Release|Any CPU.ActiveCfg = Release|Any CPU
		{CFD5B906-4CA0-4493-B81E-AFB1421C6F14}.Release|Any CPU.Build.0 = Release|Any CPU
		{FB888F6F-175F-423C-9A2A-84E656B26D81}.Debug|Any CPU.ActiveCfg = Debug|Any CPU
		{FB888F6F-175F-423C-9A2A-84E656B26D81}.Debug|Any CPU.Build.0 = Debug|Any CPU
		{FB888F6F-175F-423C-9A2A-84E656B26D81}.Release|Any CPU.ActiveCfg = Release|Any CPU
		{FB888F6F-175F-423C-9A2A-84E656B26D81}.Release|Any CPU.Build.0 = Release|Any CPU
		{F94E6731-0190-4591-9110-E4257D793C58}.Debug|Any CPU.ActiveCfg = Debug|Any CPU
		{F94E6731-0190-4591-9110-E4257D793C58}.Debug|Any CPU.Build.0 = Debug|Any CPU
		{F94E6731-0190-4591-9110-E4257D793C58}.Release|Any CPU.ActiveCfg = Release|Any CPU
		{F94E6731-0190-4591-9110-E4257D793C58}.Release|Any CPU.Build.0 = Release|Any CPU
		{B146823C-B2BC-4F9F-AED7-E8FAE635517E}.Debug|Any CPU.ActiveCfg = Debug|Any CPU
		{B146823C-B2BC-4F9F-AED7-E8FAE635517E}.Debug|Any CPU.Build.0 = Debug|Any CPU
		{B146823C-B2BC-4F9F-AED7-E8FAE635517E}.Release|Any CPU.ActiveCfg = Release|Any CPU
		{B146823C-B2BC-4F9F-AED7-E8FAE635517E}.Release|Any CPU.Build.0 = Release|Any CPU
		{A374C6AD-76A2-4146-9DED-B58058B47BF0}.Debug|Any CPU.ActiveCfg = Debug|Any CPU
		{A374C6AD-76A2-4146-9DED-B58058B47BF0}.Debug|Any CPU.Build.0 = Debug|Any CPU
		{A374C6AD-76A2-4146-9DED-B58058B47BF0}.Release|Any CPU.ActiveCfg = Release|Any CPU
		{A374C6AD-76A2-4146-9DED-B58058B47BF0}.Release|Any CPU.Build.0 = Release|Any CPU
		{6A06EC9A-D766-4652-A6B8-707C7C3E7554}.Debug|Any CPU.ActiveCfg = Debug|Any CPU
		{6A06EC9A-D766-4652-A6B8-707C7C3E7554}.Debug|Any CPU.Build.0 = Debug|Any CPU
		{6A06EC9A-D766-4652-A6B8-707C7C3E7554}.Release|Any CPU.ActiveCfg = Release|Any CPU
		{6A06EC9A-D766-4652-A6B8-707C7C3E7554}.Release|Any CPU.Build.0 = Release|Any CPU
		{BC6074FC-8956-4C8F-9C4A-E8E2EABD1B3D}.Debug|Any CPU.ActiveCfg = Debug|Any CPU
		{BC6074FC-8956-4C8F-9C4A-E8E2EABD1B3D}.Debug|Any CPU.Build.0 = Debug|Any CPU
		{BC6074FC-8956-4C8F-9C4A-E8E2EABD1B3D}.Release|Any CPU.ActiveCfg = Release|Any CPU
		{BC6074FC-8956-4C8F-9C4A-E8E2EABD1B3D}.Release|Any CPU.Build.0 = Release|Any CPU
		{BBD1FC85-66ED-4290-BA80-716C759F39AA}.Debug|Any CPU.ActiveCfg = Debug|Any CPU
		{BBD1FC85-66ED-4290-BA80-716C759F39AA}.Debug|Any CPU.Build.0 = Debug|Any CPU
		{BBD1FC85-66ED-4290-BA80-716C759F39AA}.Release|Any CPU.ActiveCfg = Release|Any CPU
		{BBD1FC85-66ED-4290-BA80-716C759F39AA}.Release|Any CPU.Build.0 = Release|Any CPU
		{E3359B45-C0BC-47F9-B74F-BC8F4B13F1FE}.Debug|Any CPU.ActiveCfg = Debug|Any CPU
		{E3359B45-C0BC-47F9-B74F-BC8F4B13F1FE}.Debug|Any CPU.Build.0 = Debug|Any CPU
		{E3359B45-C0BC-47F9-B74F-BC8F4B13F1FE}.Release|Any CPU.ActiveCfg = Release|Any CPU
		{E3359B45-C0BC-47F9-B74F-BC8F4B13F1FE}.Release|Any CPU.Build.0 = Release|Any CPU
	EndGlobalSection
	GlobalSection(SolutionProperties) = preSolution
		HideSolutionNode = FALSE
	EndGlobalSection
	GlobalSection(ExtensibilityGlobals) = postSolution
		SolutionGuid = {F7BEA6D8-7D45-4FBF-8497-2AD58E50B3F6}
	EndGlobalSection
EndGlobal
